
Microsoft Visual Studio Solution File, Format Version 12.00
# Visual Studio Version 17
VisualStudioVersion = 17.7.34003.232
MinimumVisualStudioVersion = 10.0.40219.1
Project("{FAE04EC0-301F-11D3-BF4B-00C04F79EFBC}") = "SatisTakipFormu", "SatisTakipFormu\SatisTakipFormu.csproj", "{5E9EB2C7-F729-448C-A7C6-0F0AD9A1DBBD}"
EndProject
Global
	GlobalSection(SolutionConfigurationPlatforms) = preSolution
		Debug|Any CPU = Debug|Any CPU
		Release|Any CPU = Release|Any CPU
	EndGlobalSection
	GlobalSection(ProjectConfigurationPlatforms) = postSolution
		{5E9EB2C7-F729-448C-A7C6-0F0AD9A1DBBD}.Debug|Any CPU.ActiveCfg = Debug|Any CPU
		{5E9EB2C7-F729-448C-A7C6-0F0AD9A1DBBD}.Debug|Any CPU.Build.0 = Debug|Any CPU
		{5E9EB2C7-F729-448C-A7C6-0F0AD9A1DBBD}.Release|Any CPU.ActiveCfg = Release|Any CPU
		{5E9EB2C7-F729-448C-A7C6-0F0AD9A1DBBD}.Release|Any CPU.Build.0 = Release|Any CPU
	EndGlobalSection
	GlobalSection(SolutionProperties) = preSolution
		HideSolutionNode = FALSE
	EndGlobalSection
	GlobalSection(ExtensibilityGlobals) = postSolution
		SolutionGuid = {FF51A828-9FE9-46C8-9C60-16C9F25E1336}
	EndGlobalSection
EndGlobal
